uuid: 45000901-151f-4990-81db-04f6cf668dae
langcode: en
status: true
dependencies:
  config:
    - block_visibility_groups.block_visibility_group.sponsors_list
  module:
    - block_visibility_groups
    - dddlx_sponsors
  theme:
    - dddlx
id: allsponsorsblock
theme: dddlx
region: sponsors
weight: 0
provider: null
plugin: all_sponsors_block
settings:
  id: all_sponsors_block
  label: 'All sponsors block'
  provider: dddlx_sponsors
  label_display: '0'
visibility:
  condition_group:
    id: condition_group
    negate: false
    block_visibility_group: sponsors_list
    context_mapping: {  }
