uuid: 0e61e562-9009-4b3f-8581-0b230cc5535c
langcode: en
status: true
dependencies:
  config:
    - block_visibility_groups.block_visibility_group.not_on_basic_pages
  module:
    - block_visibility_groups
    - ddd_attendee
  theme:
    - dddlx
id: attendeesnumberblock
theme: dddlx
region: sidebar_first
weight: 0
provider: null
plugin: attendees_number_block
settings:
  id: attendees_number_block
  label: 'Attendees number block'
  provider: ddd_attendee
  label_display: '0'
visibility:
  condition_group:
    id: condition_group
    negate: false
    block_visibility_group: not_on_basic_pages
    context_mapping: {  }
